
Microsoft Visual Studio Solution File, Format Version 12.00
# Visual Studio Version 16
VisualStudioVersion = 16.0.32630.194
MinimumVisualStudioVersion = 10.0.40219.1
Project("{FAE04EC0-301F-11D3-BF4B-00C04F79EFBC}") = "Ejercicios3_LM", "Ejercicios3_LM\Ejercicios3_LM.csproj", "{7ACCFB46-2485-4F86-B3C2-8683377ADCBD}"
EndProject
Global
	GlobalSection(SolutionConfigurationPlatforms) = preSolution
		Debug|Any CPU = Debug|Any CPU
		Release|Any CPU = Release|Any CPU
	EndGlobalSection
	GlobalSection(ProjectConfigurationPlatforms) = postSolution
		{7ACCFB46-2485-4F86-B3C2-8683377ADCBD}.Debug|Any CPU.ActiveCfg = Debug|Any CPU
		{7ACCFB46-2485-4F86-B3C2-8683377ADCBD}.Debug|Any CPU.Build.0 = Debug|Any CPU
		{7ACCFB46-2485-4F86-B3C2-8683377ADCBD}.Release|Any CPU.ActiveCfg = Release|Any CPU
		{7ACCFB46-2485-4F86-B3C2-8683377ADCBD}.Release|Any CPU.Build.0 = Release|Any CPU
	EndGlobalSection
	GlobalSection(SolutionProperties) = preSolution
		HideSolutionNode = FALSE
	EndGlobalSection
	GlobalSection(ExtensibilityGlobals) = postSolution
		SolutionGuid = {59C9E9A5-43CD-462E-A168-9CFC35D572BB}
	EndGlobalSection
EndGlobal
