
Microsoft Visual Studio Solution File, Format Version 12.00
# Visual Studio Version 16
VisualStudioVersion = 16.0.32630.194
MinimumVisualStudioVersion = 10.0.40219.1
Project("{FAE04EC0-301F-11D3-BF4B-00C04F79EFBC}") = "Ejercicio2_LM", "Ejercicio2_LM\Ejercicio2_LM.csproj", "{7EA5C604-6800-47CD-B0DC-3BEBEEB1F11E}"
EndProject
Global
	GlobalSection(SolutionConfigurationPlatforms) = preSolution
		Debug|Any CPU = Debug|Any CPU
		Release|Any CPU = Release|Any CPU
	EndGlobalSection
	GlobalSection(ProjectConfigurationPlatforms) = postSolution
		{7EA5C604-6800-47CD-B0DC-3BEBEEB1F11E}.Debug|Any CPU.ActiveCfg = Debug|Any CPU
		{7EA5C604-6800-47CD-B0DC-3BEBEEB1F11E}.Debug|Any CPU.Build.0 = Debug|Any CPU
		{7EA5C604-6800-47CD-B0DC-3BEBEEB1F11E}.Release|Any CPU.ActiveCfg = Release|Any CPU
		{7EA5C604-6800-47CD-B0DC-3BEBEEB1F11E}.Release|Any CPU.Build.0 = Release|Any CPU
	EndGlobalSection
	GlobalSection(SolutionProperties) = preSolution
		HideSolutionNode = FALSE
	EndGlobalSection
	GlobalSection(ExtensibilityGlobals) = postSolution
		SolutionGuid = {D86E4081-C1BE-4173-A23E-092F8DCE08B1}
	EndGlobalSection
EndGlobal
